
Microsoft Visual Studio Solution File, Format Version 12.00
# Visual Studio Version 17
VisualStudioVersion = 17.2.32526.322
MinimumVisualStudioVersion = 10.0.40219.1
Project("{FAE04EC0-301F-11D3-BF4B-00C04F79EFBC}") = "HW11WpfApp", "HW11WpfApp\HW11WpfApp.csproj", "{4172CD91-F0C2-4E2F-B47F-CA91A8FBBA01}"
EndProject
Global
	GlobalSection(SolutionConfigurationPlatforms) = preSolution
		Debug|Any CPU = Debug|Any CPU
		Release|Any CPU = Release|Any CPU
	EndGlobalSection
	GlobalSection(ProjectConfigurationPlatforms) = postSolution
		{4172CD91-F0C2-4E2F-B47F-CA91A8FBBA01}.Debug|Any CPU.ActiveCfg = Debug|Any CPU
		{4172CD91-F0C2-4E2F-B47F-CA91A8FBBA01}.Debug|Any CPU.Build.0 = Debug|Any CPU
		{4172CD91-F0C2-4E2F-B47F-CA91A8FBBA01}.Release|Any CPU.ActiveCfg = Release|Any CPU
		{4172CD91-F0C2-4E2F-B47F-CA91A8FBBA01}.Release|Any CPU.Build.0 = Release|Any CPU
	EndGlobalSection
	GlobalSection(SolutionProperties) = preSolution
		HideSolutionNode = FALSE
	EndGlobalSection
	GlobalSection(ExtensibilityGlobals) = postSolution
		SolutionGuid = {B6490DC0-357B-44F8-A956-D96FE05E6506}
	EndGlobalSection
EndGlobal
